// !$*UTF8*$!
{
	archiveVersion = 1;
	classes = {
	};
	objectVersion = 46;
	objects = {

/* Begin PBXBuildFile section */
		94154E231C5E4F820088A409 /* AppDelegate.swift in Sources */ = {isa = PBXBuildFile; fileRef = 94154E221C5E4F820088A409 /* AppDelegate.swift */; };
		94154E251C5E4F820088A409 /* ViewController.swift in Sources */ = {isa = PBXBuildFile; fileRef = 94154E241C5E4F820088A409 /* ViewController.swift */; };
		94154E281C5E4F820088A409 /* Main.storyboard in Resources */ = {isa = PBXBuildFile; fileRef = 94154E261C5E4F820088A409 /* Main.storyboard */; };
		94154E2A1C5E4F820088A409 /* Assets.xcassets in Resources */ = {isa = PBXBuildFile; fileRef = 94154E291C5E4F820088A409 /* Assets.xcassets */; };
		94154E2D1C5E4F820088A409 /* LaunchScreen.storyboard in Resources */ = {isa = PBXBuildFile; fileRef = 94154E2B1C5E4F820088A409 /* LaunchScreen.storyboard */; };
		94154E381C5E4F820088A409 /* CalculaterTests.swift in Sources */ = {isa = PBXBuildFile; fileRef = 94154E371C5E4F820088A409 /* CalculaterTests.swift */; };
		94154E431C5E4F820088A409 /* CalculaterUITests.swift in Sources */ = {isa = PBXBuildFile; fileRef = 94154E421C5E4F820088A409 /* CalculaterUITests.swift */; };
/* End PBXBuildFile section */

/* Begin PBXContainerItemProxy section */
		94154E341C5E4F820088A409 /* PBXContainerItemProxy */ = {
			isa = PBXContainerItemProxy;
			containerPortal = 94154E171C5E4F820088A409 /* Project object */;
			proxyType = 1;
			remoteGlobalIDString = 94154E1E1C5E4F820088A409;
			remoteInfo = Calculater;
		};
		94154E3F1C5E4F820088A409 /* PBXContainerItemProxy */ = {
			isa = PBXContainerItemProxy;
			containerPortal = 94154E171C5E4F820088A409 /* Project object */;
			proxyType = 1;
			remoteGlobalIDString = 94154E1E1C5E4F820088A409;
			remoteInfo = Calculater;
		};
/* End PBXContainerItemProxy section */

/* Begin PBXFileReference section */
		94154E1F1C5E4F820088A409 /* Calculater.app */ = {isa = PBXFileReference; explicitFileType = wrapper.application; includeInIndex = 0; path = Calculater.app; sourceTree = BUILT_PRODUCTS_DIR; };
		94154E221C5E4F820088A409 /* AppDelegate.swift */ = {isa = PBXFileReference; lastKnownFileType = sourcecode.swift; path = AppDelegate.swift; sourceTree = "<group>"; };
		94154E241C5E4F820088A409 /* ViewController.swift */ = {isa = PBXFileReference; lastKnownFileType = sourcecode.swift; path = ViewController.swift; sourceTree = "<group>"; };
		94154E271C5E4F820088A409 /* Base */ = {isa = PBXFileReference; lastKnownFileType = file.storyboard; name = Base; path = Base.lproj/Main.storyboard; sourceTree = "<group>"; };
		94154E291C5E4F820088A409 /* Assets.xcassets */ = {isa = PBXFileReference; lastKnownFileType = folder.assetcatalog; path = Assets.xcassets; sourceTree = "<group>"; };
		94154E2C1C5E4F820088A409 /* Base */ = {isa = PBXFileReference; lastKnownFileType = file.storyboard; name = Base; path = Base.lproj/LaunchScreen.storyboard; sourceTree = "<group>"; };
		94154E2E1C5E4F820088A409 /* Info.plist */ = {isa = PBXFileReference; lastKnownFileType = text.plist.xml; path = Info.plist; sourceTree = "<group>"; };
		94154E331C5E4F820088A409 /* CalculaterTests.xctest */ = {isa = PBXFileReference; explicitFileType = wrapper.cfbundle; includeInIndex = 0; path = CalculaterTests.xctest; sourceTree = BUILT_PRODUCTS_DIR; };
		94154E371C5E4F820088A409 /* CalculaterTests.swift */ = {isa = PBXFileReference; lastKnownFileType = sourcecode.swift; path = CalculaterTests.swift; sourceTree = "<group>"; };
		94154E391C5E4F820088A409 /* Info.plist */ = {isa = PBXFileReference; lastKnownFileType = text.plist.xml; path = Info.plist; sourceTree = "<group>"; };
		94154E3E1C5E4F820088A409 /* CalculaterUITests.xctest */ = {isa = PBXFileReference; explicitFileType = wrapper.cfbundle; includeInIndex = 0; path = CalculaterUITests.xctest; sourceTree = BUILT_PRODUCTS_DIR; };
		94154E421C5E4F820088A409 /* CalculaterUITests.swift */ = {isa = PBXFileReference; lastKnownFileType = sourcecode.swift; path = CalculaterUITests.swift; sourceTree = "<group>"; };
		94154E441C5E4F820088A409 /* Info.plist */ = {isa = PBXFileReference; lastKnownFileType = text.plist.xml; path = Info.plist; sourceTree = "<group>"; };
/* End PBXFileReference section */

/* Begin PBXFrameworksBuildPhase section */
		94154E1C1C5E4F820088A409 /* Frameworks */ = {
			isa = PBXFrameworksBuildPhase;
			buildActionMask = 2147483647;
			files = (
			);
			runOnlyForDeploymentPostprocessing = 0;
		};
		94154E301C5E4F820088A409 /* Frameworks */ = {
			isa = PBXFrameworksBuildPhase;
			buildActionMask = 2147483647;
			files = (
			);
			runOnlyForDeploymentPostprocessing = 0;
		};
		94154E3B1C5E4F820088A409 /* Frameworks */ = {
			isa = PBXFrameworksBuildPhase;
			buildActionMask = 2147483647;
			files = (
			);
			runOnlyForDeploymentPostprocessing = 0;
		};
/* End PBXFrameworksBuildPhase section */

/* Begin PBXGroup section */
		94154E161C5E4F820088A409 = {
			isa = PBXGroup;
			children = (
				94154E211C5E4F820088A409 /* Calculater */,
				94154E361C5E4F820088A409 /* CalculaterTests */,
				94154E411C5E4F820088A409 /* CalculaterUITests */,
				94154E201C5E4F820088A409 /* Products */,
			);
			sourceTree = "<group>";
		};
		94154E201C5E4F820088A409 /* Products */ = {
			isa = PBXGroup;
			children = (
				94154E1F1C5E4F820088A409 /* Calculater.app */,
				94154E331C5E4F820088A409 /* CalculaterTests.xctest */,
				94154E3E1C5E4F820088A409 /* CalculaterUITests.xctest */,
			);
			name = Products;
			sourceTree = "<group>";
		};
		94154E211C5E4F820088A409 /* Calculater */ = {
			isa = PBXGroup;
			children = (
				94154E221C5E4F820088A409 /* AppDelegate.swift */,
				94154E241C5E4F820088A409 /* ViewController.swift */,
				94154E261C5E4F820088A409 /* Main.storyboard */,
				94154E291C5E4F820088A409 /* Assets.xcassets */,
				94154E2B1C5E4F820088A409 /* LaunchScreen.storyboard */,
				94154E2E1C5E4F820088A409 /* Info.plist */,
			);
			path = Calculater;
			sourceTree = "<group>";
		};
		94154E361C5E4F820088A409 /* CalculaterTests */ = {
			isa = PBXGroup;
			children = (
				94154E371C5E4F820088A409 /* CalculaterTests.swift */,
				94154E391C5E4F820088A409 /* Info.plist */,
			);
			path = CalculaterTests;
			sourceTree = "<group>";
		};
		94154E411C5E4F820088A409 /* CalculaterUITests */ = {
			isa = PBXGroup;
			children = (
				94154E421C5E4F820088A409 /* CalculaterUITests.swift */,
				94154E441C5E4F820088A409 /* Info.plist */,
			);
			path = CalculaterUITests;
			sourceTree = "<group>";
		};
/* End PBXGroup section */

/* Begin PBXNativeTarget section */
		94154E1E1C5E4F820088A409 /* Calculater */ = {
			isa = PBXNativeTarget;
			buildConfigurationList = 94154E471C5E4F820088A409 /* Build configuration list for PBXNativeTarget "Calculater" */;
			buildPhases = (
				94154E1B1C5E4F820088A409 /* Sources */,
				94154E1C1C5E4F820088A409 /* Frameworks */,
				94154E1D1C5E4F820088A409 /* Resources */,
			);
			buildRules = (
			);
			dependencies = (
			);
			name = Calculater;
			productName = Calculater;
			productReference = 94154E1F1C5E4F820088A409 /* Calculater.app */;
			productType = "com.apple.product-type.application";
		};
		94154E321C5E4F820088A409 /* CalculaterTests */ = {
			isa = PBXNativeTarget;
			buildConfigurationList = 94154E4A1C5E4F820088A409 /* Build configuration list for PBXNativeTarget "CalculaterTests" */;
			buildPhases = (
				94154E2F1C5E4F820088A409 /* Sources */,
				94154E301C5E4F820088A409 /* Frameworks */,
				94154E311C5E4F820088A409 /* Resources */,
			);
			buildRules = (
			);
			dependencies = (
				94154E351C5E4F820088A409 /* PBXTargetDependency */,
			);
			name = CalculaterTests;
			productName = CalculaterTests;
			productReference = 94154E331C5E4F820088A409 /* CalculaterTests.xctest */;
			productType = "com.apple.product-type.bundle.unit-test";
		};
		94154E3D1C5E4F820088A409 /* CalculaterUITests */ = {
			isa = PBXNativeTarget;
			buildConfigurationList = 94154E4D1C5E4F820088A409 /* Build configuration list for PBXNativeTarget "CalculaterUITests" */;
			buildPhases = (
				94154E3A1C5E4F820088A409 /* Sources */,
				94154E3B1C5E4F820088A409 /* Frameworks */,
				94154E3C1C5E4F820088A409 /* Resources */,
			);
			buildRules = (
			);
			dependencies = (
				94154E401C5E4F820088A409 /* PBXTargetDependency */,
			);
			name = CalculaterUITests;
			productName = CalculaterUITests;
			productReference = 94154E3E1C5E4F820088A409 /* CalculaterUITests.xctest */;
			productType = "com.apple.product-type.bundle.ui-testing";
		};
/* End PBXNativeTarget section */

/* Begin PBXProject section */
		94154E171C5E4F820088A409 /* Project object */ = {
			isa = PBXProject;
			attributes = {
				LastSwiftUpdateCheck = 0720;
				LastUpgradeCheck = 0720;
				ORGANIZATIONNAME = Karuna;
				TargetAttributes = {
					94154E1E1C5E4F820088A409 = {
						CreatedOnToolsVersion = 7.2;
					};
					94154E321C5E4F820088A409 = {
						CreatedOnToolsVersion = 7.2;
						TestTargetID = 94154E1E1C5E4F820088A409;
					};
					94154E3D1C5E4F820088A409 = {
						CreatedOnToolsVersion = 7.2;
						TestTargetID = 94154E1E1C5E4F820088A409;
					};
				};
			};
			buildConfigurationList = 94154E1A1C5E4F820088A409 /* Build configuration list for PBXProject "Calculater" */;
			compatibilityVersion = "Xcode 3.2";
			developmentRegion = English;
			hasScannedForEncodings = 0;
			knownRegions = (
				en,
				Base,
			);
			mainGroup = 94154E161C5E4F820088A409;
			productRefGroup = 94154E201C5E4F820088A409 /* Products */;
			projectDirPath = "";
			projectRoot = "";
			targets = (
				94154E1E1C5E4F820088A409 /* Calculater */,
				94154E321C5E4F820088A409 /* CalculaterTests */,
				94154E3D1C5E4F820088A409 /* CalculaterUITests */,
			);
		};
/* End PBXProject section */

/* Begin PBXResourcesBuildPhase section */
		94154E1D1C5E4F820088A409 /* Resources */ = {
			isa = PBXResourcesBuildPhase;
			buildActionMask = 2147483647;
			files = (
				94154E2D1C5E4F820088A409 /* LaunchScreen.storyboard in Resources */,
				94154E2A1C5E4F820088A409 /* Assets.xcassets in Resources */,
				94154E281C5E4F820088A409 /* Main.storyboard in Resources */,
			);
			runOnlyForDeploymentPostprocessing = 0;
		};
		94154E311C5E4F820088A409 /* Resources */ = {
			isa = PBXResourcesBuildPhase;
			buildActionMask = 2147483647;
			files = (
			);
			runOnlyForDeploymentPostprocessing = 0;
		};
		94154E3C1C5E4F820088A409 /* Resources */ = {
			isa = PBXResourcesBuildPhase;
			buildActionMask = 2147483647;
			files = (
			);
			runOnlyForDeploymentPostprocessing = 0;
		};
/* End PBXResourcesBuildPhase section */

/* Begin PBXSourcesBuildPhase section */
		94154E1B1C5E4F820088A409 /* Sources */ = {
			isa = PBXSourcesBuildPhase;
			buildActionMask = 2147483647;
			files = (
				94154E251C5E4F820088A409 /* ViewController.swift in Sources */,
				94154E231C5E4F820088A409 /* AppDelegate.swift in Sources */,
			);
			runOnlyForDeploymentPostprocessing = 0;
		};
		94154E2F1C5E4F820088A409 /* Sources */ = {
			isa = PBXSourcesBuildPhase;
			buildActionMask = 2147483647;
			files = (
				94154E381C5E4F820088A409 /* CalculaterTests.swift in Sources */,
			);
			runOnlyForDeploymentPostprocessing = 0;
		};
		94154E3A1C5E4F820088A409 /* Sources */ = {
			isa = PBXSourcesBuildPhase;
			buildActionMask = 2147483647;
			files = (
				94154E431C5E4F820088A409 /* CalculaterUITests.swift in Sources */,
			);
			runOnlyForDeploymentPostprocessing = 0;
		};
/* End PBXSourcesBuildPhase section */

/* Begin PBXTargetDependency section */
		94154E351C5E4F820088A409 /* PBXTargetDependency */ = {
			isa = PBXTargetDependency;
			target = 94154E1E1C5E4F820088A409 /* Calculater */;
			targetProxy = 94154E341C5E4F820088A409 /* PBXContainerItemProxy */;
		};
		94154E401C5E4F820088A409 /* PBXTargetDependency */ = {
			isa = PBXTargetDependency;
			target = 94154E1E1C5E4F820088A409 /* Calculater */;
			targetProxy = 94154E3F1C5E4F820088A409 /* PBXContainerItemProxy */;
		};
/* End PBXTargetDependency section */

/* Begin PBXVariantGroup section */
		94154E261C5E4F820088A409 /* Main.storyboard */ = {
			isa = PBXVariantGroup;
			children = (
				94154E271C5E4F820088A409 /* Base */,
			);
			name = Main.storyboard;
			sourceTree = "<group>";
		};
		94154E2B1C5E4F820088A409 /* LaunchScreen.storyboard */ = {
			isa = PBXVariantGroup;
			children = (
				94154E2C1C5E4F820088A409 /* Base */,
			);
			name = LaunchScreen.storyboard;
			sourceTree = "<group>";
		};
/* End PBXVariantGroup section */

/* Begin XCBuildConfiguration section */
		94154E451C5E4F820088A409 /* Debug */ = {
			isa = XCBuildConfiguration;
			buildSettings = {
				ALWAYS_SEARCH_USER_PATHS = NO;
				CLANG_CXX_LANGUAGE_STANDARD = "gnu++0x";
				CLANG_CXX_LIBRARY = "libc++";
				CLANG_ENABLE_MODULES = YES;
				CLANG_ENABLE_OBJC_ARC = YES;
				CLANG_WARN_BOOL_CONVERSION = YES;
				CLANG_WARN_CONSTANT_CONVERSION = YES;
				CLANG_WARN_DIRECT_OBJC_ISA_USAGE = YES_ERROR;
				CLANG_WARN_EMPTY_BODY = YES;
				CLANG_WARN_ENUM_CONVERSION = YES;
				CLANG_WARN_INT_CONVERSION = YES;
				CLANG_WARN_OBJC_ROOT_CLASS = YES_ERROR;
				CLANG_WARN_UNREACHABLE_CODE = YES;
				CLANG_WARN__DUPLICATE_METHOD_MATCH = YES;
				"CODE_SIGN_IDENTITY[sdk=iphoneos*]" = "iPhone Developer";
				COPY_PHASE_STRIP = NO;
				DEBUG_INFORMATION_FORMAT = dwarf;
				ENABLE_STRICT_OBJC_MSGSEND = YES;
				ENABLE_TESTABILITY = YES;
				GCC_C_LANGUAGE_STANDARD = gnu99;
				GCC_DYNAMIC_NO_PIC = NO;
				GCC_NO_COMMON_BLOCKS = YES;
				GCC_OPTIMIZATION_LEVEL = 0;
				GCC_PREPROCESSOR_DEFINITIONS = (
					"DEBUG=1",
					"$(inherited)",
				);
				GCC_WARN_64_TO_32_BIT_CONVERSION = YES;
				GCC_WARN_ABOUT_RETURN_TYPE = YES_ERROR;
				GCC_WARN_UNDECLARED_SELECTOR = YES;
				GCC_WARN_UNINITIALIZED_AUTOS = YES_AGGRESSIVE;
				GCC_WARN_UNUSED_FUNCTION = YES;
				GCC_WARN_UNUSED_VARIABLE = YES;
				IPHONEOS_DEPLOYMENT_TARGET = 9.2;
				MTL_ENABLE_DEBUG_INFO = YES;
				ONLY_ACTIVE_ARCH = YES;
				SDKROOT = iphoneos;
				SWIFT_OPTIMIZATION_LEVEL = "-Onone";
			};
			name = Debug;
		};
		94154E461C5E4F820088A409 /* Release */ = {
			isa = XCBuildConfiguration;
			buildSettings = {
				ALWAYS_SEARCH_USER_PATHS = NO;
				CLANG_CXX_LANGUAGE_STANDARD = "gnu++0x";
				CLANG_CXX_LIBRARY = "libc++";
				CLANG_ENABLE_MODULES = YES;
				CLANG_ENABLE_OBJC_ARC = YES;
				CLANG_WARN_BOOL_CONVERSION = YES;
				CLANG_WARN_CONSTANT_CONVERSION = YES;
				CLANG_WARN_DIRECT_OBJC_ISA_USAGE = YES_ERROR;
				CLANG_WARN_EMPTY_BODY = YES;
				CLANG_WARN_ENUM_CONVERSION = YES;
				CLANG_WARN_INT_CONVERSION = YES;
				CLANG_WARN_OBJC_ROOT_CLASS = YES_ERROR;
				CLANG_WARN_UNREACHABLE_CODE = YES;
				CLANG_WARN__DUPLICATE_METHOD_MATCH = YES;
				"CODE_SIGN_IDENTITY[sdk=iphoneos*]" = "iPhone Developer";
				COPY_PHASE_STRIP = NO;
				DEBUG_INFORMATION_FORMAT = "dwarf-with-dsym";
				ENABLE_NS_ASSERTIONS = NO;
				ENABLE_STRICT_OBJC_MSGSEND = YES;
				GCC_C_LANGUAGE_STANDARD = gnu99;
				GCC_NO_COMMON_BLOCKS = YES;
				GCC_WARN_64_TO_32_BIT_CONVERSION = YES;
				GCC_WARN_ABOUT_RETURN_TYPE = YES_ERROR;
				GCC_WARN_UNDECLARED_SELECTOR = YES;
				GCC_WARN_UNINITIALIZED_AUTOS = YES_AGGRESSIVE;
				GCC_WARN_UNUSED_FUNCTION = YES;
				GCC_WARN_UNUSED_VARIABLE = YES;
				IPHONEOS_DEPLOYMENT_TARGET = 9.2;
				MTL_ENABLE_DEBUG_INFO = NO;
				SDKROOT = iphoneos;
				VALIDATE_PRODUCT = YES;
			};
			name = Release;
		};
		94154E481C5E4F820088A409 /* Debug */ = {
			isa = XCBuildConfiguration;
			buildSettings = {
				ASSETCATALOG_COMPILER_APPICON_NAME = AppIcon;
				INFOPLIST_FILE = Calculater/Info.plist;
				LD_RUNPATH_SEARCH_PATHS = "$(inherited) @executable_path/Frameworks";
				PRODUCT_BUNDLE_IDENTIFIER = Karuna.Calculater;
				PRODUCT_NAME = "$(TARGET_NAME)";
			};
			name = Debug;
		};
		94154E491C5E4F820088A409 /* Release */ = {
			isa = XCBuildConfiguration;
			buildSettings = {
				ASSETCATALOG_COMPILER_APPICON_NAME = AppIcon;
				INFOPLIST_FILE = Calculater/Info.plist;
				LD_RUNPATH_SEARCH_PATHS = "$(inherited) @executable_path/Frameworks";
				PRODUCT_BUNDLE_IDENTIFIER = Karuna.Calculater;
				PRODUCT_NAME = "$(TARGET_NAME)";
			};
			name = Release;
		};
		94154E4B1C5E4F820088A409 /* Debug */ = {
			isa = XCBuildConfiguration;
			buildSettings = {
				BUNDLE_LOADER = "$(TEST_HOST)";
				INFOPLIST_FILE = CalculaterTests/Info.plist;
				LD_RUNPATH_SEARCH_PATHS = "$(inherited) @executable_path/Frameworks @loader_path/Frameworks";
				PRODUCT_BUNDLE_IDENTIFIER = Karuna.CalculaterTests;
				PRODUCT_NAME = "$(TARGET_NAME)";
				TEST_HOST = "$(BUILT_PRODUCTS_DIR)/Calculater.app/Calculater";
			};
			name = Debug;
		};
		94154E4C1C5E4F820088A409 /* Release */ = {
			isa = XCBuildConfiguration;
			buildSettings = {
				BUNDLE_LOADER = "$(TEST_HOST)";
				INFOPLIST_FILE = CalculaterTests/Info.plist;
				LD_RUNPATH_SEARCH_PATHS = "$(inherited) @executable_path/Frameworks @loader_path/Frameworks";
				PRODUCT_BUNDLE_IDENTIFIER = Karuna.CalculaterTests;
				PRODUCT_NAME = "$(TARGET_NAME)";
				TEST_HOST = "$(BUILT_PRODUCTS_DIR)/Calculater.app/Calculater";
			};
			name = Release;
		};
		94154E4E1C5E4F820088A409 /* Debug */ = {
			isa = XCBuildConfiguration;
			buildSettings = {
				INFOPLIST_FILE = CalculaterUITests/Info.plist;
				LD_RUNPATH_SEARCH_PATHS = "$(inherited) @executable_path/Frameworks @loader_path/Frameworks";
				PRODUCT_BUNDLE_IDENTIFIER = Karuna.CalculaterUITests;
				PRODUCT_NAME = "$(TARGET_NAME)";
				TEST_TARGET_NAME = Calculater;
				USES_XCTRUNNER = YES;
			};
			name = Debug;
		};
		94154E4F1C5E4F820088A409 /* Release */ = {
			isa = XCBuildConfiguration;
			buildSettings = {
				INFOPLIST_FILE = CalculaterUITests/Info.plist;
				LD_RUNPATH_SEARCH_PATHS = "$(inherited) @executable_path/Frameworks @loader_path/Frameworks";
				PRODUCT_BUNDLE_IDENTIFIER = Karuna.CalculaterUITests;
				PRODUCT_NAME = "$(TARGET_NAME)";
				TEST_TARGET_NAME = Calculater;
				USES_XCTRUNNER = YES;
			};
			name = Release;
		};
/* End XCBuildConfiguration section */

/* Begin XCConfigurationList section */
		94154E1A1C5E4F820088A409 /* Build configuration list for PBXProject "Calculater" */ = {
			isa = XCConfigurationList;
			buildConfigurations = (
				94154E451C5E4F820088A409 /* Debug */,
				94154E461C5E4F820088A409 /* Release */,
			);
			defaultConfigurationIsVisible = 0;
			defaultConfigurationName = Release;
		};
		94154E471C5E4F820088A409 /* Build configuration list for PBXNativeTarget "Calculater" */ = {
			isa = XCConfigurationList;
			buildConfigurations = (
				94154E481C5E4F820088A409 /* Debug */,
				94154E491C5E4F820088A409 /* Release */,
			);
			defaultConfigurationIsVisible = 0;
		};
		94154E4A1C5E4F820088A409 /* Build configuration list for PBXNativeTarget "CalculaterTests" */ = {
			isa = XCConfigurationList;
			buildConfigurations = (
				94154E4B1C5E4F820088A409 /* Debug */,
				94154E4C1C5E4F820088A409 /* Release */,
			);
			defaultConfigurationIsVisible = 0;
		};
		94154E4D1C5E4F820088A409 /* Build configuration list for PBXNativeTarget "CalculaterUITests" */ = {
			isa = XCConfigurationList;
			buildConfigurations = (
				94154E4E1C5E4F820088A409 /* Debug */,
				94154E4F1C5E4F820088A409 /* Release */,
			);
			defaultConfigurationIsVisible = 0;
		};
/* End XCConfigurationList section */
	};
	rootObject = 94154E171C5E4F820088A409 /* Project object */;
}
